
Microsoft Visual Studio Solution File, Format Version 12.00
# Visual Studio Version 17
VisualStudioVersion = 17.11.35312.102
MinimumVisualStudioVersion = 10.0.40219.1
Project("{FAE04EC0-301F-11D3-BF4B-00C04F79EFBC}") = "GestorUsuarios", "GestorUsuarios\GestorUsuarios.csproj", "{A59D080F-28EB-46AF-8DC0-E010C0D10FBD}"
EndProject
Global
	GlobalSection(SolutionConfigurationPlatforms) = preSolution
		Debug|Any CPU = Debug|Any CPU
		Release|Any CPU = Release|Any CPU
	EndGlobalSection
	GlobalSection(ProjectConfigurationPlatforms) = postSolution
		{A59D080F-28EB-46AF-8DC0-E010C0D10FBD}.Debug|Any CPU.ActiveCfg = Debug|Any CPU
		{A59D080F-28EB-46AF-8DC0-E010C0D10FBD}.Debug|Any CPU.Build.0 = Debug|Any CPU
		{A59D080F-28EB-46AF-8DC0-E010C0D10FBD}.Release|Any CPU.ActiveCfg = Release|Any CPU
		{A59D080F-28EB-46AF-8DC0-E010C0D10FBD}.Release|Any CPU.Build.0 = Release|Any CPU
	EndGlobalSection
	GlobalSection(SolutionProperties) = preSolution
		HideSolutionNode = FALSE
	EndGlobalSection
	GlobalSection(ExtensibilityGlobals) = postSolution
		SolutionGuid = {4E96108E-CAFA-4C3A-8BB8-95DDAD32138B}
	EndGlobalSection
EndGlobal
